
Microsoft Visual Studio Solution File, Format Version 12.00
# Visual Studio Version 17
VisualStudioVersion = 17.3.32929.385
MinimumVisualStudioVersion = 10.0.40219.1
Project("{FAE04EC0-301F-11D3-BF4B-00C04F79EFBC}") = "ProyectoWebN", "ProyectoWebN.csproj", "{0BDBF83D-B34D-45E2-A505-A8664AC47237}"
EndProject
Global
	GlobalSection(SolutionConfigurationPlatforms) = preSolution
		Debug|Any CPU = Debug|Any CPU
		Release|Any CPU = Release|Any CPU
	EndGlobalSection
	GlobalSection(ProjectConfigurationPlatforms) = postSolution
		{0BDBF83D-B34D-45E2-A505-A8664AC47237}.Debug|Any CPU.ActiveCfg = Debug|Any CPU
		{0BDBF83D-B34D-45E2-A505-A8664AC47237}.Debug|Any CPU.Build.0 = Debug|Any CPU
		{0BDBF83D-B34D-45E2-A505-A8664AC47237}.Release|Any CPU.ActiveCfg = Release|Any CPU
		{0BDBF83D-B34D-45E2-A505-A8664AC47237}.Release|Any CPU.Build.0 = Release|Any CPU
	EndGlobalSection
	GlobalSection(SolutionProperties) = preSolution
		HideSolutionNode = FALSE
	EndGlobalSection
	GlobalSection(ExtensibilityGlobals) = postSolution
		SolutionGuid = {26C2AE63-3697-46AC-A5C7-7CBFA018F5D1}
	EndGlobalSection
EndGlobal
